
Microsoft Visual Studio Solution File, Format Version 12.00
# Visual Studio 15
VisualStudioVersion = 15.0.28307.271
MinimumVisualStudioVersion = 10.0.40219.1
Project("{2150E333-8FDC-42A3-9474-1A3956D46DE8}") = "SharedResources", "SharedResources", "{81F97E03-F7CB-4EB3-92F3-7C2991164CCE}"
EndProject
Project("{FAE04EC0-301F-11D3-BF4B-00C04F79EFBC}") = "BasicImplementations", "BasicImplementations\BasicImplementations.csproj", "{F2950C28-5B23-4E22-A697-D763DE2BA46E}"
EndProject
Project("{2150E333-8FDC-42A3-9474-1A3956D46DE8}") = "Articles", "Articles", "{C14E37CA-3027-47B2-A345-B7A78385F7BD}"
EndProject
Project("{2150E333-8FDC-42A3-9474-1A3956D46DE8}") = "Rx", "Rx", "{E80054CE-D973-4C99-BBF7-D5A6A7AF013D}"
EndProject
Project("{FAE04EC0-301F-11D3-BF4B-00C04F79EFBC}") = "Basics", "01 Basics\Basics.csproj", "{E182982F-3E6E-4DDA-B035-E3ABBBB62A73}"
EndProject
Project("{FAE04EC0-301F-11D3-BF4B-00C04F79EFBC}") = "CheatSheets", "CheatSheets\CheatSheets.csproj", "{BF14DF54-49FD-4929-8E52-1C9EFB272F34}"
EndProject
Project("{2150E333-8FDC-42A3-9474-1A3956D46DE8}") = "Expositional", "Expositional", "{15B82D40-3A1F-44E3-8B56-E681B2FEA496}"
EndProject
Project("{FAE04EC0-301F-11D3-BF4B-00C04F79EFBC}") = "OverviewOfRx", "OverviewOfRx\OverviewOfRx.csproj", "{D91BDDD8-CAEB-4BD6-A9B5-765EBBB140D2}"
EndProject
Global
	GlobalSection(SolutionConfigurationPlatforms) = preSolution
		Debug|Any CPU = Debug|Any CPU
		Release|Any CPU = Release|Any CPU
	EndGlobalSection
	GlobalSection(ProjectConfigurationPlatforms) = postSolution
		{F2950C28-5B23-4E22-A697-D763DE2BA46E}.Debug|Any CPU.ActiveCfg = Debug|Any CPU
		{F2950C28-5B23-4E22-A697-D763DE2BA46E}.Debug|Any CPU.Build.0 = Debug|Any CPU
		{F2950C28-5B23-4E22-A697-D763DE2BA46E}.Release|Any CPU.ActiveCfg = Release|Any CPU
		{F2950C28-5B23-4E22-A697-D763DE2BA46E}.Release|Any CPU.Build.0 = Release|Any CPU
		{E182982F-3E6E-4DDA-B035-E3ABBBB62A73}.Debug|Any CPU.ActiveCfg = Debug|Any CPU
		{E182982F-3E6E-4DDA-B035-E3ABBBB62A73}.Debug|Any CPU.Build.0 = Debug|Any CPU
		{E182982F-3E6E-4DDA-B035-E3ABBBB62A73}.Release|Any CPU.ActiveCfg = Release|Any CPU
		{E182982F-3E6E-4DDA-B035-E3ABBBB62A73}.Release|Any CPU.Build.0 = Release|Any CPU
		{BF14DF54-49FD-4929-8E52-1C9EFB272F34}.Debug|Any CPU.ActiveCfg = Debug|Any CPU
		{BF14DF54-49FD-4929-8E52-1C9EFB272F34}.Debug|Any CPU.Build.0 = Debug|Any CPU
		{BF14DF54-49FD-4929-8E52-1C9EFB272F34}.Release|Any CPU.ActiveCfg = Release|Any CPU
		{BF14DF54-49FD-4929-8E52-1C9EFB272F34}.Release|Any CPU.Build.0 = Release|Any CPU
		{D91BDDD8-CAEB-4BD6-A9B5-765EBBB140D2}.Debug|Any CPU.ActiveCfg = Debug|Any CPU
		{D91BDDD8-CAEB-4BD6-A9B5-765EBBB140D2}.Debug|Any CPU.Build.0 = Debug|Any CPU
		{D91BDDD8-CAEB-4BD6-A9B5-765EBBB140D2}.Release|Any CPU.ActiveCfg = Release|Any CPU
		{D91BDDD8-CAEB-4BD6-A9B5-765EBBB140D2}.Release|Any CPU.Build.0 = Release|Any CPU
	EndGlobalSection
	GlobalSection(SolutionProperties) = preSolution
		HideSolutionNode = FALSE
	EndGlobalSection
	GlobalSection(NestedProjects) = preSolution
		{F2950C28-5B23-4E22-A697-D763DE2BA46E} = {81F97E03-F7CB-4EB3-92F3-7C2991164CCE}
		{E80054CE-D973-4C99-BBF7-D5A6A7AF013D} = {C14E37CA-3027-47B2-A345-B7A78385F7BD}
		{E182982F-3E6E-4DDA-B035-E3ABBBB62A73} = {E80054CE-D973-4C99-BBF7-D5A6A7AF013D}
		{D91BDDD8-CAEB-4BD6-A9B5-765EBBB140D2} = {15B82D40-3A1F-44E3-8B56-E681B2FEA496}
	EndGlobalSection
	GlobalSection(ExtensibilityGlobals) = postSolution
		SolutionGuid = {CDEDDE88-BF09-4FD5-B4DE-F2BB8E874C13}
	EndGlobalSection
EndGlobal
